
Microsoft Visual Studio Solution File, Format Version 12.00
# Visual Studio Version 17
VisualStudioVersion = 17.6.33723.286
MinimumVisualStudioVersion = 10.0.40219.1
Project("{9A19103F-16F7-4668-BE54-9A1E7A4F7556}") = "Gmf.Marush.Care.App", "Site\Gmf.Marush.Care.App\Gmf.Marush.Care.App.csproj", "{1A0388E4-6840-40DD-8353-C2CC8846B5A9}"
EndProject
Project("{2150E333-8FDC-42A3-9474-1A3956D46DE8}") = "Deployment", "Deployment", "{463C3FF8-7E7C-40ED-BF51-71D31E2535F8}"
EndProject
Project("{2150E333-8FDC-42A3-9474-1A3956D46DE8}") = "Templates", "Templates", "{541E6457-B117-4E6D-9B27-084FD0549D24}"
	ProjectSection(SolutionItems) = preProject
		Deployment\Templates\environment-deploy.yaml = Deployment\Templates\environment-deploy.yaml
	EndProjectSection
EndProject
Global
	GlobalSection(SolutionConfigurationPlatforms) = preSolution
		Debug|Any CPU = Debug|Any CPU
		Release|Any CPU = Release|Any CPU
	EndGlobalSection
	GlobalSection(ProjectConfigurationPlatforms) = postSolution
		{1A0388E4-6840-40DD-8353-C2CC8846B5A9}.Debug|Any CPU.ActiveCfg = Debug|Any CPU
		{1A0388E4-6840-40DD-8353-C2CC8846B5A9}.Debug|Any CPU.Build.0 = Debug|Any CPU
		{1A0388E4-6840-40DD-8353-C2CC8846B5A9}.Release|Any CPU.ActiveCfg = Release|Any CPU
		{1A0388E4-6840-40DD-8353-C2CC8846B5A9}.Release|Any CPU.Build.0 = Release|Any CPU
	EndGlobalSection
	GlobalSection(SolutionProperties) = preSolution
		HideSolutionNode = FALSE
	EndGlobalSection
	GlobalSection(NestedProjects) = preSolution
		{541E6457-B117-4E6D-9B27-084FD0549D24} = {463C3FF8-7E7C-40ED-BF51-71D31E2535F8}
	EndGlobalSection
	GlobalSection(ExtensibilityGlobals) = postSolution
		SolutionGuid = {A9AA636E-58CC-4FF7-99F1-4CE33374A010}
	EndGlobalSection
EndGlobal
