
Microsoft Visual Studio Solution File, Format Version 12.00
# Visual Studio Version 17
VisualStudioVersion = 17.6.33723.286
MinimumVisualStudioVersion = 10.0.40219.1
Project("{FAE04EC0-301F-11D3-BF4B-00C04F79EFBC}") = "Gmf.Marush.Care.App", "Site\Gmf.Marush.Care.App\Gmf.Marush.Care.App.csproj", "{1A0388E4-6840-40DD-8353-C2CC8846B5A9}"
EndProject
Global
	GlobalSection(SolutionConfigurationPlatforms) = preSolution
		Debug|Any CPU = Debug|Any CPU
		Release|Any CPU = Release|Any CPU
	EndGlobalSection
	GlobalSection(ProjectConfigurationPlatforms) = postSolution
		{1A0388E4-6840-40DD-8353-C2CC8846B5A9}.Debug|Any CPU.ActiveCfg = Debug|Any CPU
		{1A0388E4-6840-40DD-8353-C2CC8846B5A9}.Debug|Any CPU.Build.0 = Debug|Any CPU
		{1A0388E4-6840-40DD-8353-C2CC8846B5A9}.Release|Any CPU.ActiveCfg = Release|Any CPU
		{1A0388E4-6840-40DD-8353-C2CC8846B5A9}.Release|Any CPU.Build.0 = Release|Any CPU
	EndGlobalSection
	GlobalSection(SolutionProperties) = preSolution
		HideSolutionNode = FALSE
	EndGlobalSection
	GlobalSection(ExtensibilityGlobals) = postSolution
		SolutionGuid = {A9AA636E-58CC-4FF7-99F1-4CE33374A010}
	EndGlobalSection
EndGlobal
