{
  "version": 2,
  "dependencies": {
    "net8.0": {
      "BouncyCastle.Cryptography": {
        "type": "Transitive",
        "resolved": "2.4.0",
        "contentHash": "SwXsAV3sMvAU/Nn31pbjhWurYSjJ+/giI/0n6tCrYoupEK34iIHCuk3STAd9fx8yudM85KkLSVdn951vTng/vQ=="
      },
      "Microsoft.Extensions.DependencyInjection.Abstractions": {
        "type": "Transitive",
        "resolved": "8.0.2",
        "contentHash": "3iE7UF7MQkCv1cxzCahz+Y/guQbTqieyxyaWKhrRO91itI9cOKO76OHeQDahqG4MmW5umr3CcCvGmK92lWNlbg=="
      },
      "System.Diagnostics.DiagnosticSource": {
        "type": "Transitive",
        "resolved": "8.0.1",
        "contentHash": "vaoWjvkG1aenR2XdjaVivlCV9fADfgyhW5bZtXT23qaEea0lWiUljdQuze4E31vKM7ZWJaSUsbYIKE3rnzfZUg=="
      },
      "System.Formats.Asn1": {
        "type": "Transitive",
        "resolved": "8.0.1",
        "contentHash": "XqKba7Mm/koKSjKMfW82olQdmfbI5yqeoLV/tidRp7fbh5rmHAQ5raDI/7SU0swTzv+jgqtUGkzmFxuUg0it1A=="
      },
      "System.Security.Cryptography.Pkcs": {
        "type": "Transitive",
        "resolved": "8.0.0",
        "contentHash": "ULmp3xoOwNYjOYp4JZ2NK/6NdTgiN1GQXzVVN1njQ7LOZ0d0B9vyMnhyqbIi9Qw4JXj1JgCsitkTShboHRx7Eg==",
        "dependencies": {
          "System.Formats.Asn1": "8.0.0"
        }
      },
      "gmf.ddd.common": {
        "type": "Project"
      },
      "gmf.mail.common": {
        "type": "Project",
        "dependencies": {
          "Autofac": "[8.1.1, )",
          "MailKit": "[4.8.0, )",
          "Microsoft.Extensions.Logging.Abstractions": "[8.0.2, )",
          "MimeKit": "[4.8.0, )"
        }
      },
      "gmf.marush.care.domain": {
        "type": "Project",
        "dependencies": {
          "Gmf.DDD.Common": "[1.0.0, )"
        }
      },
      "Autofac": {
        "type": "CentralTransitive",
        "requested": "[8.1.1, )",
        "resolved": "8.1.1",
        "contentHash": "lhHjVB/XJtxPDUQ/FAHWAC7Spu+P9TNfDbyx2W0ABqD1eTRo7TkcZ7l7Oq1S5pKNg7NXswdk9uH73qbOzSwQFA==",
        "dependencies": {
          "System.Diagnostics.DiagnosticSource": "8.0.1"
        }
      },
      "MailKit": {
        "type": "CentralTransitive",
        "requested": "[4.8.0, )",
        "resolved": "4.8.0",
        "contentHash": "zZ1UoM4FUnSFUJ9fTl5CEEaejR0DNP6+FDt1OfXnjg4igZntcir1tg/8Ufd6WY5vrpmvToAjluYqjVM24A+5lA==",
        "dependencies": {
          "MimeKit": "4.8.0",
          "System.Formats.Asn1": "8.0.1"
        }
      },
      "Microsoft.Extensions.Logging.Abstractions": {
        "type": "CentralTransitive",
        "requested": "[8.0.2, )",
        "resolved": "8.0.2",
        "contentHash": "nroMDjS7hNBPtkZqVBbSiQaQjWRDxITI8Y7XnDs97rqG3EbzVTNLZQf7bIeUJcaHOV8bca47s1Uxq94+2oGdxA==",
        "dependencies": {
          "Microsoft.Extensions.DependencyInjection.Abstractions": "8.0.2"
        }
      },
      "MimeKit": {
        "type": "CentralTransitive",
        "requested": "[4.8.0, )",
        "resolved": "4.8.0",
        "contentHash": "U24wp4LKED+sBRzyrWICE+3bSwptsTrPOcCIXbW5zfeThCNzQx5NCo8Wus+Rmi+EUkQrCwlI/3sVfejeq9tuxQ==",
        "dependencies": {
          "BouncyCastle.Cryptography": "2.4.0",
          "System.Formats.Asn1": "8.0.1",
          "System.Security.Cryptography.Pkcs": "8.0.0"
        }
      }
    }
  }
}